
Microsoft Visual Studio Solution File, Format Version 12.00
# Visual Studio Version 16
VisualStudioVersion = 16.0.28803.202
MinimumVisualStudioVersion = 10.0.40219.1
Project("{FAE04EC0-301F-11D3-BF4B-00C04F79EFBC}") = "MusicExplorer", "MusicExplorer\MusicExplorer.csproj", "{D070E594-7CE9-4A74-AE5B-5E2E78DD39AD}"
EndProject
Project("{9A19103F-16F7-4668-BE54-9A1E7A4F7556}") = "MusicExplorer.Core", "MusicExplorer.Core\MusicExplorer.Core.csproj", "{1495E38E-E07B-408D-AA25-766FD372DF4F}"
EndProject
Project("{FAE04EC0-301F-11D3-BF4B-00C04F79EFBC}") = "MusicExplorer.Common", "MusicExplorer.Common\MusicExplorer.Common.csproj", "{72EA6911-4E8F-44F4-AE92-E1D2A056CB2F}"
EndProject
Project("{FAE04EC0-301F-11D3-BF4B-00C04F79EFBC}") = "MusicExplorer.WimpMusic", "MusicExplorer.WimpMusic\MusicExplorer.WimpMusic.csproj", "{014A1A30-EDD7-48DE-A955-8D17E6F81FE2}"
EndProject
Global
	GlobalSection(SolutionConfigurationPlatforms) = preSolution
		Debug|Any CPU = Debug|Any CPU
		Release|Any CPU = Release|Any CPU
	EndGlobalSection
	GlobalSection(ProjectConfigurationPlatforms) = postSolution
		{D070E594-7CE9-4A74-AE5B-5E2E78DD39AD}.Debug|Any CPU.ActiveCfg = Debug|Any CPU
		{D070E594-7CE9-4A74-AE5B-5E2E78DD39AD}.Debug|Any CPU.Build.0 = Debug|Any CPU
		{D070E594-7CE9-4A74-AE5B-5E2E78DD39AD}.Release|Any CPU.ActiveCfg = Release|Any CPU
		{D070E594-7CE9-4A74-AE5B-5E2E78DD39AD}.Release|Any CPU.Build.0 = Release|Any CPU
		{1495E38E-E07B-408D-AA25-766FD372DF4F}.Debug|Any CPU.ActiveCfg = Debug|Any CPU
		{1495E38E-E07B-408D-AA25-766FD372DF4F}.Debug|Any CPU.Build.0 = Debug|Any CPU
		{1495E38E-E07B-408D-AA25-766FD372DF4F}.Release|Any CPU.ActiveCfg = Release|Any CPU
		{1495E38E-E07B-408D-AA25-766FD372DF4F}.Release|Any CPU.Build.0 = Release|Any CPU
		{72EA6911-4E8F-44F4-AE92-E1D2A056CB2F}.Debug|Any CPU.ActiveCfg = Debug|Any CPU
		{72EA6911-4E8F-44F4-AE92-E1D2A056CB2F}.Debug|Any CPU.Build.0 = Debug|Any CPU
		{72EA6911-4E8F-44F4-AE92-E1D2A056CB2F}.Release|Any CPU.ActiveCfg = Release|Any CPU
		{72EA6911-4E8F-44F4-AE92-E1D2A056CB2F}.Release|Any CPU.Build.0 = Release|Any CPU
		{014A1A30-EDD7-48DE-A955-8D17E6F81FE2}.Debug|Any CPU.ActiveCfg = Debug|Any CPU
		{014A1A30-EDD7-48DE-A955-8D17E6F81FE2}.Debug|Any CPU.Build.0 = Debug|Any CPU
		{014A1A30-EDD7-48DE-A955-8D17E6F81FE2}.Release|Any CPU.ActiveCfg = Release|Any CPU
		{014A1A30-EDD7-48DE-A955-8D17E6F81FE2}.Release|Any CPU.Build.0 = Release|Any CPU
	EndGlobalSection
	GlobalSection(SolutionProperties) = preSolution
		HideSolutionNode = FALSE
	EndGlobalSection
	GlobalSection(ExtensibilityGlobals) = postSolution
		SolutionGuid = {1A507FC4-4E5C-450C-9EEA-01F067E8E02F}
	EndGlobalSection
EndGlobal
